<?xml version="1.0" encoding="utf-8"?>
<Project ToolsVersion="4.0" xmlns="http://schemas.microsoft.com/developer/msbuild/2003">
  <ItemGroup>
    <Text Include="assets\assets.txt" />
    <Text Include="assets\levels\level1.txt" />
    <Text Include="assets\levels\level2.txt" />
    <Text Include="assets\levels\level3.txt" />
  </ItemGroup>
  <ItemGroup>
    <Image Include="assets\textures\mario\block.png" />
    <Image Include="assets\textures\mario\brick.png" />
    <Image Include="assets\textures\mario\bushbig.png" />
    <Image Include="assets\textures\mario\cloudbig.png" />
    <Image Include="assets\textures\mario\cloudsmall.png" />
    <Image Include="assets\textures\mario\flagpole.png" />
    <Image Include="assets\textures\mario\flagtop.png" />
    <Image Include="assets\textures\mario\ground.png" />
    <Image Include="assets\textures\mario\pipe.png" />
    <Image Include="assets\textures\mario\qfade.png" />
    <Image Include="assets\textures\mario\question2.png" />
    <Image Include="assets\textures\misc\coin.png" />
    <Image Include="assets\textures\mario_assets\block.png" />
    <Image Include="assets\textures\mario_assets\bush-big.png" />
    <Image Include="assets\textures\mario_assets\bush-med.png" />
    <Image Include="assets\textures\mario_assets\bush-small.png" />
    <Image Include="assets\textures\mario_assets\castle.png" />
    <Image Include="assets\textures\mario_assets\cloud-big.png" />
    <Image Include="assets\textures\mario_assets\cloud-med.png" />
    <Image Include="assets\textures\mario_assets\cloud-small.png" />
    <Image Include="assets\textures\mario_assets\coin-0.png" />
    <Image Include="assets\textures\mario_assets\coin-1.png" />
    <Image Include="assets\textures\mario_assets\coin-2.png" />
    <Image Include="assets\textures\mario_assets\coin-3.png" />
    <Image Include="assets\textures\mario_assets\enemy-0.png" />
    <Image Include="assets\textures\mario_assets\enemy-1.png" />
    <Image Include="assets\textures\mario_assets\enemy-dead.png" />
    <Image Include="assets\textures\mario_assets\flower.png" />
    <Image Include="assets\textures\mario_assets\ground.png" />
    <Image Include="assets\textures\mario_assets\hill-big.png" />
    <Image Include="assets\textures\mario_assets\hill-small.png" />
    <Image Include="assets\textures\mario_assets\mushroom-red.png" />
    <Image Include="assets\textures\mario_assets\pipe-big.png" />
    <Image Include="assets\textures\mario_assets\pipe-med.png" />
    <Image Include="assets\textures\mario_assets\pipe-small.png" />
    <Image Include="assets\textures\mario_assets\qfade.png" />
    <Image Include="assets\textures\mario_assets\secret-box.png" />
    <Image Include="assets\textures\mario_assets\star.png" />
    <Image Include="assets\textures\mario_assets\wall.png" />
    <Image Include="assets\textures\mario_assets\flag.png" />
    <Image Include="assets\textures\mario_assets\solid.png" />
    <Image Include="assets\textures\mario_assets\brick.png" />
    <Image Include="assets\textures\misc\8bitmegaman.png" />
    <Image Include="assets\textures\mario_assets\coinspin.png" />
    <Image Include="assets\textures\mario_assets\explosion.png" />
    <Image Include="assets\textures\mario_assets\piranha.png" />
    <Image Include="assets\textures\megaman\megaManBullet.png" />
    <Image Include="assets\textures\mario_assets\explosionS.png" />
    <Image Include="assets\textures\megaman\marioRunning.jpeg" />
    <Image Include="assets\textures\megaman\air64S.png" />
    <Image Include="assets\textures\marioCharacter\MarioRun.png" />
    <Image Include="assets\textures\mario_assets\mushroom-green.png" />
    <Image Include="assets\textures\mario_assets\turtle.png" />
    <Image Include="assets\textures\marioCharacter\BulletNewS.png" />
    <Image Include="assets\sheet.png" />
    <Image Include="assets\textures\marioCharacter\MarioDead.png" />
    <Image Include="assets\textures\marioCharacter\MarioStand.png" />
    <Image Include="assets\textures\marioCharacter\MarioAir.png" />
    <Image Include="assets\textures\mario_assets\FlagClimb.png" />
    <Image Include="assets\textures\mario_assets\FLAG_TOP.png" />
    <Image Include="assets\textures\mario_assets\FLAG_POLE.png" />
    <Image Include="assets\textures\mario_assets\flagPole.png" />
    <Image Include="assets\textures\marioCharacter\SUPER_MARIO_DUCK.png" />
    <Image Include="assets\textures\marioCharacter\SUPER_MARIO_JUMP.png" />
    <Image Include="assets\textures\marioCharacter\SUPER_MARIO_RUN.png" />
    <Image Include="assets\textures\marioCharacter\SUPER_MARIO_STAND.png" />
    <Image Include="assets\textures\mario_assets\GOOMBA.png" />
    <Image Include="assets\textures\mario_assets\GOOMBA_CRUSHED.png" />
    <Image Include="assets\textures\mario_assets\TURTLE_FLY.png" />
    <Image Include="assets\textures\mario_assets\COIN.png" />
    <Image Include="assets\textures\mario_assets\BRICK_DEBRIS_4.png" />
    <Image Include="assets\textures\mario_assets\BRICK_DEBRIS_1.png" />
    <Image Include="assets\textures\mario_assets\BRICK_DEBRIS_2.png" />
    <Image Include="assets\textures\mario_assets\BRICK_DEBRIS_3.png" />
    <Image Include="assets\textures\mario_assets\100Lable.png" />
    <Image Include="assets\textures\mario_assets\ONE_UP_LABEL.png" />
    <Image Include="assets\textures\mario_assets\THOUSANDlable.png" />
    <Image Include="assets\textures\marioCharacter\MARIO_GROWING.png" />
    <Image Include="assets\textures\mario_assets\TURTLE_SHELL.png" />
    <Image Include="assets\textures\mario_assets\TURTLE_SHELL_TRANSITION.png" />
  </ItemGroup>
  <ItemGroup>
    <ClCompile Include="src\main.cpp" />
    <ClCompile Include="src\include\Action.cpp" />
    <ClCompile Include="src\include\Animation.cpp" />
    <ClCompile Include="src\include\Assets.cpp" />
    <ClCompile Include="src\include\Entity.cpp" />
    <ClCompile Include="src\include\EntityManager.cpp" />
    <ClCompile Include="src\include\GameEngine.cpp" />
    <ClCompile Include="src\include\Physics.cpp" />
    <ClCompile Include="src\include\Scene.cpp" />
    <ClCompile Include="src\include\Scene_Menu.cpp" />
    <ClCompile Include="src\include\Scene_Play.cpp" />
    <ClCompile Include="src\include\Vec2.cpp" />
    <ClCompile Include="src\include\TextureManager.cpp" />
  </ItemGroup>
  <ItemGroup>
    <ClInclude Include="src\include\Action.h" />
    <ClInclude Include="src\include\Animation.h" />
    <ClInclude Include="src\include\Assets.h" />
    <ClInclude Include="src\include\common.h" />
    <ClInclude Include="src\include\Components.h" />
    <ClInclude Include="src\include\Entity.h" />
    <ClInclude Include="src\include\EntityManager.h" />
    <ClInclude Include="src\include\GameEngine.h" />
    <ClInclude Include="src\include\Physics.h" />
    <ClInclude Include="src\include\Scene.h" />
    <ClInclude Include="src\include\Scene_Menu.h" />
    <ClInclude Include="src\include\Scene_Play.h" />
    <ClInclude Include="src\include\Vec2.h" />
    <ClInclude Include="src\include\TextureManager.h" />
  </ItemGroup>
  <ItemGroup>
    <Font Include="assets\fonts\Mega-Man-Battle-Network.ttf" />
    <Font Include="assets\fonts\RetroMario-Regular.otf" />
    <Font Include="assets\fonts\pixeled.ttf" />
    <Font Include="assets\fonts\dogica.ttf" />
    <Font Include="assets\fonts\font.ttf" />
  </ItemGroup>
  <ItemGroup>
    <Media Include="assets\audio\theme.wav" />
    <Media Include="assets\audio\blockbreak.wav" />
    <Media Include="assets\audio\blockhit.wav" />
    <Media Include="assets\audio\coin.wav" />
    <Media Include="assets\audio\death.wav" />
    <Media Include="assets\audio\jump.wav" />
    <Media Include="assets\audio\levelend.wav" />
    <Media Include="assets\audio\mushroomappear.wav" />
    <Media Include="assets\audio\oneup.wav" />
    <Media Include="assets\audio\overworld.wav" />
    <Media Include="assets\audio\shrink.wav" />
    <Media Include="assets\audio\stomp.wav" />
    <Media Include="assets\audio\supermarioupgrade.wav" />
  </ItemGroup>
</Project>